// !$*UTF8*$!
{
	archiveVersion = 1;
	classes = {
	};
	objectVersion = 46;
	objects = {

/* Begin PBXBuildFile section */
		9258E8A51D91C97900B3120F /* __stp_appname_ext__.appex in Embed App Extensions */ = {isa = PBXBuildFile; fileRef = 9258E8A41D91C97900B3120F /* __stp_appname_ext__.appex */; settings = {ATTRIBUTES = (RemoveHeadersOnCopy, ); }; };
		9258E8A91D91C97900B3120F /* Stickers.xcstickers in Resources */ = {isa = PBXBuildFile; fileRef = 9258E8A81D91C97900B3120F /* Stickers.xcstickers */; };
		9258E8AA1D91C97900B3120F /* Stickers.xcstickers in Resources */ = {isa = PBXBuildFile; fileRef = 9258E8A81D91C97900B3120F /* Stickers.xcstickers */; };
/* End PBXBuildFile section */

/* Begin PBXContainerItemProxy section */
		9258E8A61D91C97900B3120F /* PBXContainerItemProxy */ = {
			isa = PBXContainerItemProxy;
			containerPortal = 9258E89A1D91C97800B3120F /* Project object */;
			proxyType = 1;
			remoteGlobalIDString = 9258E8A31D91C97900B3120F;
			remoteInfo = __stp_appname_ext__;
		};
/* End PBXContainerItemProxy section */

/* Begin PBXCopyFilesBuildPhase section */
		9258E8B01D91C97900B3120F /* Embed App Extensions */ = {
			isa = PBXCopyFilesBuildPhase;
			buildActionMask = 2147483647;
			dstPath = "";
			dstSubfolderSpec = 13;
			files = (
				9258E8A51D91C97900B3120F /* __stp_appname_ext__.appex in Embed App Extensions */,
			);
			name = "Embed App Extensions";
			runOnlyForDeploymentPostprocessing = 0;
		};
/* End PBXCopyFilesBuildPhase section */

/* Begin PBXFileReference section */
		9258E8A01D91C97900B3120F /* __stp_appname__.app */ = {isa = PBXFileReference; explicitFileType = wrapper.application; includeInIndex = 0; path = __stp_appname__.app; sourceTree = BUILT_PRODUCTS_DIR; };
		9258E8A41D91C97900B3120F /* __stp_appname_ext__.appex */ = {isa = PBXFileReference; explicitFileType = "wrapper.app-extension"; includeInIndex = 0; path = __stp_appname_ext__.appex; sourceTree = BUILT_PRODUCTS_DIR; };
		9258E8A81D91C97900B3120F /* Stickers.xcstickers */ = {isa = PBXFileReference; lastKnownFileType = folder.stickers; name = Stickers.xcstickers; path = __stp_appname_ext__/Stickers.xcstickers; sourceTree = "<group>"; };
/* End PBXFileReference section */

/* Begin PBXGroup section */
		9258E8991D91C97800B3120F = {
			isa = PBXGroup;
			children = (
				9258E8A81D91C97900B3120F /* Stickers.xcstickers */,
				9258E8A11D91C97900B3120F /* Products */,
			);
			sourceTree = "<group>";
		};
		9258E8A11D91C97900B3120F /* Products */ = {
			isa = PBXGroup;
			children = (
				9258E8A01D91C97900B3120F /* __stp_appname__.app */,
				9258E8A41D91C97900B3120F /* __stp_appname_ext__.appex */,
			);
			name = Products;
			sourceTree = "<group>";
		};
/* End PBXGroup section */

/* Begin PBXNativeTarget section */
		9258E89F1D91C97800B3120F /* __stp_appname__ */ = {
			isa = PBXNativeTarget;
			buildConfigurationList = 9258E8B11D91C97900B3120F /* Build configuration list for PBXNativeTarget "__stp_appname__" */;
			buildPhases = (
				9258E89E1D91C97800B3120F /* Resources */,
				9258E8B01D91C97900B3120F /* Embed App Extensions */,
			);
			buildRules = (
			);
			dependencies = (
				9258E8A71D91C97900B3120F /* PBXTargetDependency */,
			);
			name = __stp_appname__;
			productName = __stp_appname__;
			productReference = 9258E8A01D91C97900B3120F /* __stp_appname__.app */;
			productType = "com.apple.product-type.application.messages";
		};
		9258E8A31D91C97900B3120F /* __stp_appname_ext__ */ = {
			isa = PBXNativeTarget;
			buildConfigurationList = 9258E8AD1D91C97900B3120F /* Build configuration list for PBXNativeTarget "__stp_appname_ext__" */;
			buildPhases = (
				9258E8A21D91C97900B3120F /* Resources */,
			);
			buildRules = (
			);
			dependencies = (
			);
			name = __stp_appname_ext__;
			productName = __stp_appname_ext__;
			productReference = 9258E8A41D91C97900B3120F /* __stp_appname_ext__.appex */;
			productType = "com.apple.product-type.app-extension.messages-sticker-pack";
		};
/* End PBXNativeTarget section */

/* Begin PBXProject section */
		9258E89A1D91C97800B3120F /* Project object */ = {
			isa = PBXProject;
			attributes = {
				LastUpgradeCheck = 0900;
				ORGANIZATIONNAME = "ios-sticker-pack";
				TargetAttributes = {
					9258E89F1D91C97800B3120F = {
						CreatedOnToolsVersion = 8.0;
						DevelopmentTeam = DAGHHLSPPQ;
						ProvisioningStyle = Manual;
					};
					9258E8A31D91C97900B3120F = {
						CreatedOnToolsVersion = 8.0;
						DevelopmentTeam = DAGHHLSPPQ;
						ProvisioningStyle = Manual;
					};
				};
			};
			buildConfigurationList = 9258E89D1D91C97800B3120F /* Build configuration list for PBXProject "__stp_appname__" */;
			compatibilityVersion = "Xcode 3.2";
			developmentRegion = English;
			hasScannedForEncodings = 0;
			knownRegions = (
				en,
			);
			mainGroup = 9258E8991D91C97800B3120F;
			productRefGroup = 9258E8A11D91C97900B3120F /* Products */;
			projectDirPath = "";
			projectRoot = "";
			targets = (
				9258E89F1D91C97800B3120F /* __stp_appname__ */,
				9258E8A31D91C97900B3120F /* __stp_appname_ext__ */,
			);
		};
/* End PBXProject section */

/* Begin PBXResourcesBuildPhase section */
		9258E89E1D91C97800B3120F /* Resources */ = {
			isa = PBXResourcesBuildPhase;
			buildActionMask = 2147483647;
			files = (
				9258E8AA1D91C97900B3120F /* Stickers.xcstickers in Resources */,
			);
			runOnlyForDeploymentPostprocessing = 0;
		};
		9258E8A21D91C97900B3120F /* Resources */ = {
			isa = PBXResourcesBuildPhase;
			buildActionMask = 2147483647;
			files = (
				9258E8A91D91C97900B3120F /* Stickers.xcstickers in Resources */,
			);
			runOnlyForDeploymentPostprocessing = 0;
		};
/* End PBXResourcesBuildPhase section */

/* Begin PBXTargetDependency section */
		9258E8A71D91C97900B3120F /* PBXTargetDependency */ = {
			isa = PBXTargetDependency;
			target = 9258E8A31D91C97900B3120F /* __stp_appname_ext__ */;
			targetProxy = 9258E8A61D91C97900B3120F /* PBXContainerItemProxy */;
		};
/* End PBXTargetDependency section */

/* Begin XCBuildConfiguration section */
		9258E8AB1D91C97900B3120F /* Debug */ = {
			isa = XCBuildConfiguration;
			buildSettings = {
				ALWAYS_SEARCH_USER_PATHS = NO;
				CLANG_ANALYZER_NONNULL = YES;
				CLANG_CXX_LANGUAGE_STANDARD = "gnu++0x";
				CLANG_CXX_LIBRARY = "libc++";
				CLANG_ENABLE_MODULES = YES;
				CLANG_ENABLE_OBJC_ARC = YES;
				CLANG_WARN_BLOCK_CAPTURE_AUTORELEASING = YES;
				CLANG_WARN_BOOL_CONVERSION = YES;
				CLANG_WARN_COMMA = YES;
				CLANG_WARN_CONSTANT_CONVERSION = YES;
				CLANG_WARN_DIRECT_OBJC_ISA_USAGE = YES_ERROR;
				CLANG_WARN_DOCUMENTATION_COMMENTS = YES;
				CLANG_WARN_EMPTY_BODY = YES;
				CLANG_WARN_ENUM_CONVERSION = YES;
				CLANG_WARN_INFINITE_RECURSION = YES;
				CLANG_WARN_INT_CONVERSION = YES;
				CLANG_WARN_NON_LITERAL_NULL_CONVERSION = YES;
				CLANG_WARN_OBJC_LITERAL_CONVERSION = YES;
				CLANG_WARN_OBJC_ROOT_CLASS = YES_ERROR;
				CLANG_WARN_RANGE_LOOP_ANALYSIS = YES;
				CLANG_WARN_STRICT_PROTOTYPES = YES;
				CLANG_WARN_SUSPICIOUS_MOVE = YES;
				CLANG_WARN_SUSPICIOUS_MOVES = YES;
				CLANG_WARN_UNREACHABLE_CODE = YES;
				CLANG_WARN__DUPLICATE_METHOD_MATCH = YES;
				"CODE_SIGN_IDENTITY[sdk=iphoneos*]" = "iPhone Developer";
				COPY_PHASE_STRIP = NO;
				DEBUG_INFORMATION_FORMAT = dwarf;
				ENABLE_STRICT_OBJC_MSGSEND = YES;
				ENABLE_TESTABILITY = YES;
				GCC_C_LANGUAGE_STANDARD = gnu99;
				GCC_DYNAMIC_NO_PIC = NO;
				GCC_NO_COMMON_BLOCKS = YES;
				GCC_OPTIMIZATION_LEVEL = 0;
				GCC_PREPROCESSOR_DEFINITIONS = (
					"DEBUG=1",
					"$(inherited)",
				);
				GCC_WARN_64_TO_32_BIT_CONVERSION = YES;
				GCC_WARN_ABOUT_RETURN_TYPE = YES_ERROR;
				GCC_WARN_UNDECLARED_SELECTOR = YES;
				GCC_WARN_UNINITIALIZED_AUTOS = YES_AGGRESSIVE;
				GCC_WARN_UNUSED_FUNCTION = YES;
				GCC_WARN_UNUSED_VARIABLE = YES;
				IPHONEOS_DEPLOYMENT_TARGET = 10.0;
				MTL_ENABLE_DEBUG_INFO = YES;
				ONLY_ACTIVE_ARCH = YES;
				SDKROOT = iphoneos;
			};
			name = Debug;
		};
		9258E8AC1D91C97900B3120F /* Release */ = {
			isa = XCBuildConfiguration;
			buildSettings = {
				ALWAYS_SEARCH_USER_PATHS = NO;
				CLANG_ANALYZER_NONNULL = YES;
				CLANG_CXX_LANGUAGE_STANDARD = "gnu++0x";
				CLANG_CXX_LIBRARY = "libc++";
				CLANG_ENABLE_MODULES = YES;
				CLANG_ENABLE_OBJC_ARC = YES;
				CLANG_WARN_BLOCK_CAPTURE_AUTORELEASING = YES;
				CLANG_WARN_BOOL_CONVERSION = YES;
				CLANG_WARN_COMMA = YES;
				CLANG_WARN_CONSTANT_CONVERSION = YES;
				CLANG_WARN_DIRECT_OBJC_ISA_USAGE = YES_ERROR;
				CLANG_WARN_DOCUMENTATION_COMMENTS = YES;
				CLANG_WARN_EMPTY_BODY = YES;
				CLANG_WARN_ENUM_CONVERSION = YES;
				CLANG_WARN_INFINITE_RECURSION = YES;
				CLANG_WARN_INT_CONVERSION = YES;
				CLANG_WARN_NON_LITERAL_NULL_CONVERSION = YES;
				CLANG_WARN_OBJC_LITERAL_CONVERSION = YES;
				CLANG_WARN_OBJC_ROOT_CLASS = YES_ERROR;
				CLANG_WARN_RANGE_LOOP_ANALYSIS = YES;
				CLANG_WARN_STRICT_PROTOTYPES = YES;
				CLANG_WARN_SUSPICIOUS_MOVE = YES;
				CLANG_WARN_SUSPICIOUS_MOVES = YES;
				CLANG_WARN_UNREACHABLE_CODE = YES;
				CLANG_WARN__DUPLICATE_METHOD_MATCH = YES;
				"CODE_SIGN_IDENTITY[sdk=iphoneos*]" = "iPhone Developer";
				COPY_PHASE_STRIP = NO;
				DEBUG_INFORMATION_FORMAT = "dwarf-with-dsym";
				ENABLE_NS_ASSERTIONS = NO;
				ENABLE_STRICT_OBJC_MSGSEND = YES;
				GCC_C_LANGUAGE_STANDARD = gnu99;
				GCC_NO_COMMON_BLOCKS = YES;
				GCC_WARN_64_TO_32_BIT_CONVERSION = YES;
				GCC_WARN_ABOUT_RETURN_TYPE = YES_ERROR;
				GCC_WARN_UNDECLARED_SELECTOR = YES;
				GCC_WARN_UNINITIALIZED_AUTOS = YES_AGGRESSIVE;
				GCC_WARN_UNUSED_FUNCTION = YES;
				GCC_WARN_UNUSED_VARIABLE = YES;
				IPHONEOS_DEPLOYMENT_TARGET = 10.0;
				MTL_ENABLE_DEBUG_INFO = NO;
				SDKROOT = iphoneos;
				VALIDATE_PRODUCT = YES;
			};
			name = Release;
		};
		9258E8AE1D91C97900B3120F /* Debug */ = {
			isa = XCBuildConfiguration;
			buildSettings = {
				ASSETCATALOG_COMPILER_APPICON_NAME = "iMessage App Icon";
				"CODE_SIGN_IDENTITY[sdk=iphoneos*]" = "iPhone Developer";
				CODE_SIGN_STYLE = Manual;
				DEVELOPMENT_TEAM = DAGHHLSPPQ;
				ENABLE_BITCODE = NO;
				ENABLE_ON_DEMAND_RESOURCES = NO;
				INFOPLIST_FILE = __stp_appname_ext__/Info.plist;
				PRODUCT_BUNDLE_IDENTIFIER = __stp_bundleid_ext__;
				PRODUCT_NAME = "$(TARGET_NAME)";
				PROVISIONING_PROFILE = __stp_provision_uuid_debug_ext__;
				PROVISIONING_PROFILE_SPECIFIER = __stp_provision_name_debug_ext__;
				SKIP_INSTALL = YES;
				TARGETED_DEVICE_FAMILY = "1,2";
			};
			name = Debug;
		};
		9258E8AF1D91C97900B3120F /* Release */ = {
			isa = XCBuildConfiguration;
			buildSettings = {
				ASSETCATALOG_COMPILER_APPICON_NAME = "iMessage App Icon";
				"CODE_SIGN_IDENTITY[sdk=iphoneos*]" = "iPhone Distribution";
				CODE_SIGN_STYLE = Manual;
				DEVELOPMENT_TEAM = DAGHHLSPPQ;
				ENABLE_BITCODE = NO;
				ENABLE_ON_DEMAND_RESOURCES = NO;
				INFOPLIST_FILE = __stp_appname_ext__/Info.plist;
				PRODUCT_BUNDLE_IDENTIFIER = __stp_bundleid_ext__;
				PRODUCT_NAME = "$(TARGET_NAME)";
				PROVISIONING_PROFILE = __stp_provision_uuid_release_ext__;
				PROVISIONING_PROFILE_SPECIFIER = __stp_provision_name_release_ext__;
				SKIP_INSTALL = YES;
				TARGETED_DEVICE_FAMILY = "1,2";
			};
			name = Release;
		};
		9258E8B21D91C97900B3120F /* Debug */ = {
			isa = XCBuildConfiguration;
			buildSettings = {
				ASSETCATALOG_COMPILER_APPICON_NAME = "iMessage App Icon";
				"CODE_SIGN_IDENTITY[sdk=iphoneos*]" = "iPhone Developer";
				CODE_SIGN_STYLE = Manual;
				DEVELOPMENT_TEAM = DAGHHLSPPQ;
				ENABLE_BITCODE = NO;
				INFOPLIST_FILE = __stp_appname__/Info.plist;
				PRODUCT_BUNDLE_IDENTIFIER = __stp_bundleid__;
				PRODUCT_NAME = "$(TARGET_NAME)";
				PROVISIONING_PROFILE = __stp_provision_uuid_debug__;
				PROVISIONING_PROFILE_SPECIFIER = __stp_provision_name_debug__;
				TARGETED_DEVICE_FAMILY = "1,2";
			};
			name = Debug;
		};
		9258E8B31D91C97900B3120F /* Release */ = {
			isa = XCBuildConfiguration;
			buildSettings = {
				ASSETCATALOG_COMPILER_APPICON_NAME = "iMessage App Icon";
				"CODE_SIGN_IDENTITY[sdk=iphoneos*]" = "iPhone Distribution";
				CODE_SIGN_STYLE = Manual;
				DEVELOPMENT_TEAM = DAGHHLSPPQ;
				ENABLE_BITCODE = NO;
				INFOPLIST_FILE = __stp_appname__/Info.plist;
				PRODUCT_BUNDLE_IDENTIFIER = __stp_bundleid__;
				PRODUCT_NAME = "$(TARGET_NAME)";
				PROVISIONING_PROFILE = __stp_provision_uuid_release__;
				PROVISIONING_PROFILE_SPECIFIER = __stp_provision_name_release__;
				TARGETED_DEVICE_FAMILY = "1,2";
			};
			name = Release;
		};
/* End XCBuildConfiguration section */

/* Begin XCConfigurationList section */
		9258E89D1D91C97800B3120F /* Build configuration list for PBXProject "__stp_appname__" */ = {
			isa = XCConfigurationList;
			buildConfigurations = (
				9258E8AB1D91C97900B3120F /* Debug */,
				9258E8AC1D91C97900B3120F /* Release */,
			);
			defaultConfigurationIsVisible = 0;
			defaultConfigurationName = Release;
		};
		9258E8AD1D91C97900B3120F /* Build configuration list for PBXNativeTarget "__stp_appname_ext__" */ = {
			isa = XCConfigurationList;
			buildConfigurations = (
				9258E8AE1D91C97900B3120F /* Debug */,
				9258E8AF1D91C97900B3120F /* Release */,
			);
			defaultConfigurationIsVisible = 0;
			defaultConfigurationName = Release;
		};
		9258E8B11D91C97900B3120F /* Build configuration list for PBXNativeTarget "__stp_appname__" */ = {
			isa = XCConfigurationList;
			buildConfigurations = (
				9258E8B21D91C97900B3120F /* Debug */,
				9258E8B31D91C97900B3120F /* Release */,
			);
			defaultConfigurationIsVisible = 0;
			defaultConfigurationName = Release;
		};
/* End XCConfigurationList section */
	};
	rootObject = 9258E89A1D91C97800B3120F /* Project object */;
}
